
Microsoft Visual Studio Solution File, Format Version 12.00
# Visual Studio Version 17
VisualStudioVersion = 17.5.33502.453
MinimumVisualStudioVersion = 10.0.40219.1
Project("{FAE04EC0-301F-11D3-BF4B-00C04F79EFBC}") = "Snooker", "Snooker\Snooker.csproj", "{8ABC9F27-BD7F-4C78-ABD1-FF2DBE03D472}"
EndProject
Global
	GlobalSection(SolutionConfigurationPlatforms) = preSolution
		Debug|Any CPU = Debug|Any CPU
		Release|Any CPU = Release|Any CPU
	EndGlobalSection
	GlobalSection(ProjectConfigurationPlatforms) = postSolution
		{8ABC9F27-BD7F-4C78-ABD1-FF2DBE03D472}.Debug|Any CPU.ActiveCfg = Debug|Any CPU
		{8ABC9F27-BD7F-4C78-ABD1-FF2DBE03D472}.Debug|Any CPU.Build.0 = Debug|Any CPU
		{8ABC9F27-BD7F-4C78-ABD1-FF2DBE03D472}.Release|Any CPU.ActiveCfg = Release|Any CPU
		{8ABC9F27-BD7F-4C78-ABD1-FF2DBE03D472}.Release|Any CPU.Build.0 = Release|Any CPU
	EndGlobalSection
	GlobalSection(SolutionProperties) = preSolution
		HideSolutionNode = FALSE
	EndGlobalSection
	GlobalSection(ExtensibilityGlobals) = postSolution
		SolutionGuid = {06CF30E7-EB12-466C-85EF-A5FB6612607A}
	EndGlobalSection
EndGlobal
